{
  "requires": true,
  "lockfileVersion": 1,
  "dependencies": {
    "@types/allure-js-commons": {
      "version": "0.0.0",
      "resolved": "https://verdaccio.devmail.ru/@types%2fallure-js-commons/-/allure-js-commons-0.0.0.tgz",
      "integrity": "sha512-LvREMEGmh0oZIQ11d/vt6BSv6CD0w3berVRRFrpgDVkRhAu+UFkreDrRrdl+01PFjf7/J0lJV1UrhVyRS2tOWA==",
      "dev": true
    },
    "@types/jest": {
      "version": "22.2.3",
      "resolved": "https://verdaccio.devmail.ru/@types%2fjest/-/jest-22.2.3.tgz",
      "integrity": "sha512-e74sM9W/4qqWB6D4TWV9FQk0WoHtX1X4FJpbjxucMSVJHtFjbQOH3H6yp+xno4br0AKG0wz/kPtaN599GUOvAg==",
      "dev": true
    },
    "@types/node": {
      "version": "10.17.60",
      "resolved": "https://verdaccio.devmail.ru/@types%2fnode/-/node-10.17.60.tgz",
      "integrity": "sha512-F0KIgDJfy2nA3zMLmWGKxcH2ZVEtCZXHHdOQs2gSaQ27+lNeEfGxzkIw90aXswATX7AZ33tahPbzy6KAfUreVw==",
      "dev": true
    },
    "@types/strip-ansi": {
      "version": "3.0.0",
      "resolved": "https://verdaccio.devmail.ru/@types%2fstrip-ansi/-/strip-ansi-3.0.0.tgz",
      "integrity": "sha1-m2PUU6a1SqhJGCIHcRoIvo7qSK4=",
      "dev": true
    },
    "allure-js-commons": {
      "version": "1.3.2",
      "resolved": "https://verdaccio.devmail.ru/allure-js-commons/-/allure-js-commons-1.3.2.tgz",
      "integrity": "sha512-FTmoqP36ZjHFT4iLdYamyCFhyj1jqD6BIdiZ5pBlyafDJrFRV76XIXNxwRqbHpSw40o1vHzYi4vGpmREnhnHVw==",
      "dev": true,
      "requires": {
        "file-type": "^7.7.1",
        "fs-extra": "^6.0.1",
        "js2xmlparser": "^3.0.0",
        "mime": "^2.3.1",
        "object-assign": "^4.1.1",
        "uuid": "^3.0.0"
      }
    },
    "ansi-regex": {
      "version": "3.0.1",
      "resolved": "https://verdaccio.devmail.ru/ansi-regex/-/ansi-regex-3.0.1.tgz",
      "integrity": "sha512-+O9Jct8wf++lXxxFc4hc8LsjaSq0HFzzL7cVsw8pRDIPdjKD2mT4ytDZlLuSBZ4cLKZFXIrMGO7DbQCtMJJMKw==",
      "dev": true
    },
    "file-type": {
      "version": "7.7.1",
      "resolved": "https://verdaccio.devmail.ru/file-type/-/file-type-7.7.1.tgz",
      "integrity": "sha512-bTrKkzzZI6wH+NXhyD3SOXtb2zXTw2SbwI2RxUlRcXVsnN7jNL5hJzVQLYv7FOQhxFkK4XWdAflEaWFpaLLWpQ==",
      "dev": true
    },
    "fs-extra": {
      "version": "6.0.1",
      "resolved": "https://verdaccio.devmail.ru/fs-extra/-/fs-extra-6.0.1.tgz",
      "integrity": "sha512-GnyIkKhhzXZUWFCaJzvyDLEEgDkPfb4/TPvJCJVuS8MWZgoSsErf++QpiAlDnKFcqhRlm+tIOcencCjyJE6ZCA==",
      "dev": true,
      "requires": {
        "graceful-fs": "^4.1.2",
        "jsonfile": "^4.0.0",
        "universalify": "^0.1.0"
      }
    },
    "graceful-fs": {
      "version": "4.2.11",
      "resolved": "https://verdaccio.devmail.ru/graceful-fs/-/graceful-fs-4.2.11.tgz",
      "integrity": "sha512-RbJ5/jmFcNNCcDV5o9eTnBLJ/HszWV0P73bc+Ff4nS/rJj+YaS6IGyiOL0VoBYX+l1Wrl3k63h/KrH+nhJ0XvQ==",
      "dev": true
    },
    "jest-allure": {
      "version": "0.1.3",
      "resolved": "https://verdaccio.devmail.ru/jest-allure/-/jest-allure-0.1.3.tgz",
      "integrity": "sha512-EkO3LmkPx/a4VDg81JKtdy6kFXI0D1rHRIJ5Sa9MZaGtFYpgiCJFa6XwTgIySaVN+3+QBbIt1558CEkIW7FKFA==",
      "dev": true,
      "requires": {
        "@types/allure-js-commons": "^0.0.0",
        "@types/jest": "^22.2.3",
        "@types/node": "^10.1.2",
        "@types/strip-ansi": "^3.0.0",
        "allure-js-commons": "^1.3.2",
        "strip-ansi": "^4.0.0"
      }
    },
    "js2xmlparser": {
      "version": "3.0.0",
      "resolved": "https://verdaccio.devmail.ru/js2xmlparser/-/js2xmlparser-3.0.0.tgz",
      "integrity": "sha1-P7YOqgicVED5MZ9RdgzNB+JJlzM=",
      "dev": true,
      "requires": {
        "xmlcreate": "^1.0.1"
      }
    },
    "jsonfile": {
      "version": "4.0.0",
      "resolved": "https://verdaccio.devmail.ru/jsonfile/-/jsonfile-4.0.0.tgz",
      "integrity": "sha1-h3Gq4HmbZAdrdmQPygWPnBDjPss=",
      "dev": true,
      "requires": {
        "graceful-fs": "^4.1.6"
      }
    },
    "mime": {
      "version": "2.6.0",
      "resolved": "https://verdaccio.devmail.ru/mime/-/mime-2.6.0.tgz",
      "integrity": "sha512-USPkMeET31rOMiarsBNIHZKLGgvKc/LrjofAnBlOttf5ajRvqiRA8QsenbcooctK6d6Ts6aqZXBA+XbkKthiQg==",
      "dev": true
    },
    "object-assign": {
      "version": "4.1.1",
      "resolved": "https://verdaccio.devmail.ru/object-assign/-/object-assign-4.1.1.tgz",
      "integrity": "sha1-IQmtx5ZYh8/AXLvUQsrIv7s2CGM=",
      "dev": true
    },
    "strip-ansi": {
      "version": "4.0.0",
      "resolved": "https://verdaccio.devmail.ru/strip-ansi/-/strip-ansi-4.0.0.tgz",
      "integrity": "sha1-qEeQIusaw2iocTibY1JixQXuNo8=",
      "dev": true,
      "requires": {
        "ansi-regex": "^3.0.0"
      }
    },
    "universalify": {
      "version": "0.1.2",
      "resolved": "https://verdaccio.devmail.ru/universalify/-/universalify-0.1.2.tgz",
      "integrity": "sha512-rBJeI5CXAlmy1pV+617WB9J63U6XcazHHF2f2dbJix4XzpUF0RS3Zbj0FGIOCAva5P/d/GBOYaACQ1w+0azUkg==",
      "dev": true
    },
    "uuid": {
      "version": "3.4.0",
      "resolved": "https://verdaccio.devmail.ru/uuid/-/uuid-3.4.0.tgz",
      "integrity": "sha512-HjSDRw6gZE5JMggctHBcjVak08+KEVhSIiDzFnT9S9aegmp85S/bReBVTb4QTFaRNptJ9kuYaNhnbNEOkbKb/A==",
      "dev": true
    },
    "xmlcreate": {
      "version": "1.0.2",
      "resolved": "https://verdaccio.devmail.ru/xmlcreate/-/xmlcreate-1.0.2.tgz",
      "integrity": "sha1-+mv3YqYKQT+z3Y9LA8WyaSONMI8=",
      "dev": true
    }
  }
}
